// !$*UTF8*$!
{
	archiveVersion = 1;
	classes = {
	};
	objectVersion = 46;
	objects = {

/* Begin PBXBuildFile section */
		025087C8A5A0AC99EC462E66 /* Foundation.framework in Frameworks */ = {isa = PBXBuildFile; fileRef = ECA08952B32FA867B8B2B9AC /* Foundation.framework */; };
		222DDBFBA6C38FE7FB35371D /* Foundation.framework in Frameworks */ = {isa = PBXBuildFile; fileRef = 32D02CC389748E90F6EB0A8A /* Foundation.framework */; };
		2E85CC35F4E12CD90EB0B5BD /* Foundation.framework in Frameworks */ = {isa = PBXBuildFile; fileRef = 2891C9D96D80F74CFDBCDBD1 /* Foundation.framework */; };
		6E902E636BA01D4DFAEE2A55 /* Cocoa.framework in Frameworks */ = {isa = PBXBuildFile; fileRef = 4AF9C825369E5D16DEEDF17C /* Cocoa.framework */; };
/* End PBXBuildFile section */

/* Begin PBXFileReference section */
		2891C9D96D80F74CFDBCDBD1 /* Foundation.framework */ = {isa = PBXFileReference; lastKnownFileType = wrapper.framework; name = Foundation.framework; path = Platforms/AppleTVOS.platform/Developer/SDKs/AppleTVOS12.2.sdk/System/Library/Frameworks/Foundation.framework; sourceTree = DEVELOPER_DIR; };
		32D02CC389748E90F6EB0A8A /* Foundation.framework */ = {isa = PBXFileReference; lastKnownFileType = wrapper.framework; name = Foundation.framework; path = Platforms/iPhoneOS.platform/Developer/SDKs/iPhoneOS12.2.sdk/System/Library/Frameworks/Foundation.framework; sourceTree = DEVELOPER_DIR; };
		446FFDC79AF23D9C54837565 /* App-iOS.app */ = {isa = PBXFileReference; explicitFileType = wrapper.application; includeInIndex = 0; path = "App-iOS.app"; sourceTree = BUILT_PRODUCTS_DIR; };
		4AF9C825369E5D16DEEDF17C /* Cocoa.framework */ = {isa = PBXFileReference; lastKnownFileType = wrapper.framework; name = Cocoa.framework; path = Platforms/MacOSX.platform/Developer/SDKs/MacOSX10.14.sdk/System/Library/Frameworks/Cocoa.framework; sourceTree = DEVELOPER_DIR; };
		9EE9D188F7ED7873D1AB1291 /* App-watchOS.app */ = {isa = PBXFileReference; explicitFileType = wrapper.application; includeInIndex = 0; path = "App-watchOS.app"; sourceTree = BUILT_PRODUCTS_DIR; };
		B7976EE2B6A5E777A9877AC0 /* App-tvOS.app */ = {isa = PBXFileReference; explicitFileType = wrapper.application; includeInIndex = 0; path = "App-tvOS.app"; sourceTree = BUILT_PRODUCTS_DIR; };
		E4BDDA512D33C4D9BE741195 /* App-macOS.app */ = {isa = PBXFileReference; explicitFileType = wrapper.application; includeInIndex = 0; path = "App-macOS.app"; sourceTree = BUILT_PRODUCTS_DIR; };
		ECA08952B32FA867B8B2B9AC /* Foundation.framework */ = {isa = PBXFileReference; lastKnownFileType = wrapper.framework; name = Foundation.framework; path = Platforms/WatchOS.platform/Developer/SDKs/WatchOS5.2.sdk/System/Library/Frameworks/Foundation.framework; sourceTree = DEVELOPER_DIR; };
/* End PBXFileReference section */

/* Begin PBXFrameworksBuildPhase section */
		616CD1C20D345444C6A5D25E /* Frameworks */ = {
			isa = PBXFrameworksBuildPhase;
			buildActionMask = 2147483647;
			files = (
				222DDBFBA6C38FE7FB35371D /* Foundation.framework in Frameworks */,
			);
			runOnlyForDeploymentPostprocessing = 0;
		};
		83B2D481530322202538A53B /* Frameworks */ = {
			isa = PBXFrameworksBuildPhase;
			buildActionMask = 2147483647;
			files = (
				025087C8A5A0AC99EC462E66 /* Foundation.framework in Frameworks */,
			);
			runOnlyForDeploymentPostprocessing = 0;
		};
		9E8FCC11A9A1196362F1597C /* Frameworks */ = {
			isa = PBXFrameworksBuildPhase;
			buildActionMask = 2147483647;
			files = (
				6E902E636BA01D4DFAEE2A55 /* Cocoa.framework in Frameworks */,
			);
			runOnlyForDeploymentPostprocessing = 0;
		};
		B62B2D7E9FCD195734405076 /* Frameworks */ = {
			isa = PBXFrameworksBuildPhase;
			buildActionMask = 2147483647;
			files = (
				2E85CC35F4E12CD90EB0B5BD /* Foundation.framework in Frameworks */,
			);
			runOnlyForDeploymentPostprocessing = 0;
		};
/* End PBXFrameworksBuildPhase section */

/* Begin PBXGroup section */
		06081BB3D63275D2BB15A587 /* OS X */ = {
			isa = PBXGroup;
			children = (
				4AF9C825369E5D16DEEDF17C /* Cocoa.framework */,
			);
			name = "OS X";
			sourceTree = "<group>";
		};
		1268CD6176C621AC45CC617D /* iOS */ = {
			isa = PBXGroup;
			children = (
				32D02CC389748E90F6EB0A8A /* Foundation.framework */,
			);
			name = iOS;
			sourceTree = "<group>";
		};
		7332B1840A174EC61C2F13A8 = {
			isa = PBXGroup;
			children = (
				F1A268CC4E0D98751D947D45 /* Products */,
				7F71209D2C36E7D4F5BCFD56 /* Frameworks */,
			);
			sourceTree = "<group>";
		};
		7F71209D2C36E7D4F5BCFD56 /* Frameworks */ = {
			isa = PBXGroup;
			children = (
				1268CD6176C621AC45CC617D /* iOS */,
				06081BB3D63275D2BB15A587 /* OS X */,
				CF5D272E6B0C002A5DFD065D /* watchOS */,
				AFDEFAE374C9A821A4A60798 /* tvOS */,
			);
			name = Frameworks;
			sourceTree = "<group>";
		};
		AFDEFAE374C9A821A4A60798 /* tvOS */ = {
			isa = PBXGroup;
			children = (
				2891C9D96D80F74CFDBCDBD1 /* Foundation.framework */,
			);
			name = tvOS;
			sourceTree = "<group>";
		};
		CF5D272E6B0C002A5DFD065D /* watchOS */ = {
			isa = PBXGroup;
			children = (
				ECA08952B32FA867B8B2B9AC /* Foundation.framework */,
			);
			name = watchOS;
			sourceTree = "<group>";
		};
		F1A268CC4E0D98751D947D45 /* Products */ = {
			isa = PBXGroup;
			children = (
				446FFDC79AF23D9C54837565 /* App-iOS.app */,
				E4BDDA512D33C4D9BE741195 /* App-macOS.app */,
				9EE9D188F7ED7873D1AB1291 /* App-watchOS.app */,
				B7976EE2B6A5E777A9877AC0 /* App-tvOS.app */,
			);
			name = Products;
			sourceTree = "<group>";
		};
/* End PBXGroup section */

/* Begin PBXNativeTarget section */
		6C83CBCE10AA121E471EE512 /* App-watchOS */ = {
			isa = PBXNativeTarget;
			buildConfigurationList = 922E268C91C5BB451928E667 /* Build configuration list for PBXNativeTarget "App-watchOS" */;
			buildPhases = (
				172FC0E286268D847E74AE84 /* Sources */,
				83B2D481530322202538A53B /* Frameworks */,
				0DAFB7628849C9AE54D3BDAB /* Resources */,
			);
			buildRules = (
			);
			dependencies = (
			);
			name = "App-watchOS";
			productName = "App-watchOS";
			productReference = 9EE9D188F7ED7873D1AB1291 /* App-watchOS.app */;
			productType = "com.apple.product-type.application";
		};
		728BFE483E3E8C89563608D2 /* App-macOS */ = {
			isa = PBXNativeTarget;
			buildConfigurationList = 896A9445F6B5CEAB75D62F4A /* Build configuration list for PBXNativeTarget "App-macOS" */;
			buildPhases = (
				682413167397EFC39E16CF44 /* Sources */,
				9E8FCC11A9A1196362F1597C /* Frameworks */,
				53145E2BC8B8265DD9AC5CF2 /* Resources */,
			);
			buildRules = (
			);
			dependencies = (
			);
			name = "App-macOS";
			productName = "App-macOS";
			productReference = E4BDDA512D33C4D9BE741195 /* App-macOS.app */;
			productType = "com.apple.product-type.application";
		};
		A8934F124CAD3AD5E28061AE /* App-tvOS */ = {
			isa = PBXNativeTarget;
			buildConfigurationList = AC8DB4216EFD4E029C1B6598 /* Build configuration list for PBXNativeTarget "App-tvOS" */;
			buildPhases = (
				04BC1606F5B1BE11C912FB1B /* Sources */,
				B62B2D7E9FCD195734405076 /* Frameworks */,
				F6E4DCE5C2914D8B4876A02F /* Resources */,
			);
			buildRules = (
			);
			dependencies = (
			);
			name = "App-tvOS";
			productName = "App-tvOS";
			productReference = B7976EE2B6A5E777A9877AC0 /* App-tvOS.app */;
			productType = "com.apple.product-type.application";
		};
		AD58966DB3AB32C9C2E51288 /* App-iOS */ = {
			isa = PBXNativeTarget;
			buildConfigurationList = FA092321B6B50E63AF008574 /* Build configuration list for PBXNativeTarget "App-iOS" */;
			buildPhases = (
				85C24CE469F5CC132B7FEAAC /* Sources */,
				616CD1C20D345444C6A5D25E /* Frameworks */,
				A69DF21DE06FD37F38E34071 /* Resources */,
			);
			buildRules = (
			);
			dependencies = (
			);
			name = "App-iOS";
			productName = "App-iOS";
			productReference = 446FFDC79AF23D9C54837565 /* App-iOS.app */;
			productType = "com.apple.product-type.application";
		};
/* End PBXNativeTarget section */

/* Begin PBXProject section */
		8D7B459C51092B8DA09D24F5 /* Project object */ = {
			isa = PBXProject;
			attributes = {
				LastSwiftUpdateCheck = 1020;
				LastUpgradeCheck = 1020;
			};
			buildConfigurationList = 08A9613A00C37B4C4D3CCF96 /* Build configuration list for PBXProject "Foo" */;
			compatibilityVersion = "Xcode 3.2";
			developmentRegion = en;
			hasScannedForEncodings = 0;
			knownRegions = (
				en,
			);
			mainGroup = 7332B1840A174EC61C2F13A8;
			productRefGroup = F1A268CC4E0D98751D947D45 /* Products */;
			projectDirPath = "";
			projectRoot = "";
			targets = (
				AD58966DB3AB32C9C2E51288 /* App-iOS */,
				728BFE483E3E8C89563608D2 /* App-macOS */,
				6C83CBCE10AA121E471EE512 /* App-watchOS */,
				A8934F124CAD3AD5E28061AE /* App-tvOS */,
			);
		};
/* End PBXProject section */

/* Begin PBXResourcesBuildPhase section */
		0DAFB7628849C9AE54D3BDAB /* Resources */ = {
			isa = PBXResourcesBuildPhase;
			buildActionMask = 2147483647;
			files = (
			);
			runOnlyForDeploymentPostprocessing = 0;
		};
		53145E2BC8B8265DD9AC5CF2 /* Resources */ = {
			isa = PBXResourcesBuildPhase;
			buildActionMask = 2147483647;
			files = (
			);
			runOnlyForDeploymentPostprocessing = 0;
		};
		A69DF21DE06FD37F38E34071 /* Resources */ = {
			isa = PBXResourcesBuildPhase;
			buildActionMask = 2147483647;
			files = (
			);
			runOnlyForDeploymentPostprocessing = 0;
		};
		F6E4DCE5C2914D8B4876A02F /* Resources */ = {
			isa = PBXResourcesBuildPhase;
			buildActionMask = 2147483647;
			files = (
			);
			runOnlyForDeploymentPostprocessing = 0;
		};
/* End PBXResourcesBuildPhase section */

/* Begin PBXSourcesBuildPhase section */
		04BC1606F5B1BE11C912FB1B /* Sources */ = {
			isa = PBXSourcesBuildPhase;
			buildActionMask = 2147483647;
			files = (
			);
			runOnlyForDeploymentPostprocessing = 0;
		};
		172FC0E286268D847E74AE84 /* Sources */ = {
			isa = PBXSourcesBuildPhase;
			buildActionMask = 2147483647;
			files = (
			);
			runOnlyForDeploymentPostprocessing = 0;
		};
		682413167397EFC39E16CF44 /* Sources */ = {
			isa = PBXSourcesBuildPhase;
			buildActionMask = 2147483647;
			files = (
			);
			runOnlyForDeploymentPostprocessing = 0;
		};
		85C24CE469F5CC132B7FEAAC /* Sources */ = {
			isa = PBXSourcesBuildPhase;
			buildActionMask = 2147483647;
			files = (
			);
			runOnlyForDeploymentPostprocessing = 0;
		};
/* End PBXSourcesBuildPhase section */

/* Begin XCBuildConfiguration section */
		15DD46642A9FEE97CB3C7D47 /* Debug */ = {
			isa = XCBuildConfiguration;
			buildSettings = {
				ASSETCATALOG_COMPILER_APPICON_NAME = "App Icon & Top Shelf Image";
				ASSETCATALOG_COMPILER_LAUNCHIMAGE_NAME = LaunchImage;
				LD_RUNPATH_SEARCH_PATHS = "$(inherited) @executable_path/Frameworks";
				SDKROOT = appletvos;
				SWIFT_VERSION = 4.0;
				TARGETED_DEVICE_FAMILY = 3;
				TVOS_DEPLOYMENT_TARGET = 11.0;
			};
			name = Debug;
		};
		2660C520E6016DBEE1E6CF0C /* Debug */ = {
			isa = XCBuildConfiguration;
			buildSettings = {
				ASSETCATALOG_COMPILER_APPICON_NAME = AppIcon;
				CLANG_ENABLE_OBJC_WEAK = NO;
				CODE_SIGN_IDENTITY = "-";
				COMBINE_HIDPI_IMAGES = YES;
				LD_RUNPATH_SEARCH_PATHS = "$(inherited) @executable_path/../Frameworks";
				MACOSX_DEPLOYMENT_TARGET = 10.10;
				SDKROOT = macosx;
				SWIFT_VERSION = 4.0;
			};
			name = Debug;
		};
		2C2B0C4E425F335C2FE6ADCC /* Release */ = {
			isa = XCBuildConfiguration;
			buildSettings = {
				ASSETCATALOG_COMPILER_APPICON_NAME = AppIcon;
				CODE_SIGN_IDENTITY = "iPhone Developer";
				IPHONEOS_DEPLOYMENT_TARGET = 9.0;
				LD_RUNPATH_SEARCH_PATHS = "$(inherited) @executable_path/Frameworks";
				SDKROOT = iphoneos;
				SWIFT_VERSION = 4.0;
				TARGETED_DEVICE_FAMILY = "1,2";
				VALIDATE_PRODUCT = YES;
			};
			name = Release;
		};
		6BD269F33C093C8930913CEE /* Release */ = {
			isa = XCBuildConfiguration;
			buildSettings = {
				ALWAYS_SEARCH_USER_PATHS = NO;
				CLANG_ANALYZER_NONNULL = YES;
				CLANG_ANALYZER_NUMBER_OBJECT_CONVERSION = YES_AGGRESSIVE;
				CLANG_CXX_LANGUAGE_STANDARD = "gnu++14";
				CLANG_CXX_LIBRARY = "libc++";
				CLANG_ENABLE_MODULES = YES;
				CLANG_ENABLE_OBJC_ARC = YES;
				CLANG_ENABLE_OBJC_WEAK = YES;
				CLANG_WARN_BLOCK_CAPTURE_AUTORELEASING = YES;
				CLANG_WARN_BOOL_CONVERSION = YES;
				CLANG_WARN_COMMA = YES;
				CLANG_WARN_CONSTANT_CONVERSION = YES;
				CLANG_WARN_DEPRECATED_OBJC_IMPLEMENTATIONS = YES;
				CLANG_WARN_DIRECT_OBJC_ISA_USAGE = YES_ERROR;
				CLANG_WARN_DOCUMENTATION_COMMENTS = YES;
				CLANG_WARN_EMPTY_BODY = YES;
				CLANG_WARN_ENUM_CONVERSION = YES;
				CLANG_WARN_INFINITE_RECURSION = YES;
				CLANG_WARN_INT_CONVERSION = YES;
				CLANG_WARN_NON_LITERAL_NULL_CONVERSION = YES;
				CLANG_WARN_OBJC_IMPLICIT_RETAIN_SELF = YES;
				CLANG_WARN_OBJC_LITERAL_CONVERSION = YES;
				CLANG_WARN_OBJC_ROOT_CLASS = YES_ERROR;
				CLANG_WARN_RANGE_LOOP_ANALYSIS = YES;
				CLANG_WARN_STRICT_PROTOTYPES = YES;
				CLANG_WARN_SUSPICIOUS_MOVE = YES;
				CLANG_WARN_UNGUARDED_AVAILABILITY = YES_AGGRESSIVE;
				CLANG_WARN_UNREACHABLE_CODE = YES;
				CLANG_WARN__DUPLICATE_METHOD_MATCH = YES;
				COPY_PHASE_STRIP = NO;
				DEBUG_INFORMATION_FORMAT = "dwarf-with-dsym";
				ENABLE_NS_ASSERTIONS = NO;
				ENABLE_STRICT_OBJC_MSGSEND = YES;
				GCC_C_LANGUAGE_STANDARD = gnu11;
				GCC_NO_COMMON_BLOCKS = YES;
				GCC_WARN_64_TO_32_BIT_CONVERSION = YES;
				GCC_WARN_ABOUT_RETURN_TYPE = YES_ERROR;
				GCC_WARN_UNDECLARED_SELECTOR = YES;
				GCC_WARN_UNINITIALIZED_AUTOS = YES_AGGRESSIVE;
				GCC_WARN_UNUSED_FUNCTION = YES;
				GCC_WARN_UNUSED_VARIABLE = YES;
				MTL_ENABLE_DEBUG_INFO = NO;
				MTL_FAST_MATH = YES;
				PRODUCT_NAME = "$(TARGET_NAME)";
				SWIFT_COMPILATION_MODE = wholemodule;
				SWIFT_OPTIMIZATION_LEVEL = "-O";
				SWIFT_VERSION = 5.0;
			};
			name = Release;
		};
		839E5747EEFB4C1F5090624D /* Release */ = {
			isa = XCBuildConfiguration;
			buildSettings = {
				ASSETCATALOG_COMPILER_APPICON_NAME = "App Icon & Top Shelf Image";
				ASSETCATALOG_COMPILER_LAUNCHIMAGE_NAME = LaunchImage;
				LD_RUNPATH_SEARCH_PATHS = "$(inherited) @executable_path/Frameworks";
				SDKROOT = appletvos;
				SWIFT_VERSION = 4.0;
				TARGETED_DEVICE_FAMILY = 3;
				TVOS_DEPLOYMENT_TARGET = 11.0;
				VALIDATE_PRODUCT = YES;
			};
			name = Release;
		};
		86CC8CD9E2EDA3C735916AFC /* Debug */ = {
			isa = XCBuildConfiguration;
			buildSettings = {
				ASSETCATALOG_COMPILER_APPICON_NAME = AppIcon;
				CODE_SIGN_IDENTITY = "iPhone Developer";
				IPHONEOS_DEPLOYMENT_TARGET = 9.0;
				LD_RUNPATH_SEARCH_PATHS = "$(inherited) @executable_path/Frameworks";
				SDKROOT = iphoneos;
				SWIFT_VERSION = 4.0;
				TARGETED_DEVICE_FAMILY = "1,2";
			};
			name = Debug;
		};
		9324CDA80891C729AF172634 /* Debug */ = {
			isa = XCBuildConfiguration;
			buildSettings = {
				ASSETCATALOG_COMPILER_APPICON_NAME = AppIcon;
				SDKROOT = watchos;
				SKIP_INSTALL = YES;
				SWIFT_VERSION = 4.0;
				TARGETED_DEVICE_FAMILY = 4;
				WATCHOS_DEPLOYMENT_TARGET = 4.0;
			};
			name = Debug;
		};
		988B2826DD77F38E9686916B /* Release */ = {
			isa = XCBuildConfiguration;
			buildSettings = {
				ASSETCATALOG_COMPILER_APPICON_NAME = AppIcon;
				CLANG_ENABLE_OBJC_WEAK = NO;
				CODE_SIGN_IDENTITY = "-";
				COMBINE_HIDPI_IMAGES = YES;
				LD_RUNPATH_SEARCH_PATHS = "$(inherited) @executable_path/../Frameworks";
				MACOSX_DEPLOYMENT_TARGET = 10.10;
				SDKROOT = macosx;
				SWIFT_VERSION = 4.0;
			};
			name = Release;
		};
		B4C0A629FCFF428CAF41C7B2 /* Debug */ = {
			isa = XCBuildConfiguration;
			buildSettings = {
				ALWAYS_SEARCH_USER_PATHS = NO;
				CLANG_ANALYZER_NONNULL = YES;
				CLANG_ANALYZER_NUMBER_OBJECT_CONVERSION = YES_AGGRESSIVE;
				CLANG_CXX_LANGUAGE_STANDARD = "gnu++14";
				CLANG_CXX_LIBRARY = "libc++";
				CLANG_ENABLE_MODULES = YES;
				CLANG_ENABLE_OBJC_ARC = YES;
				CLANG_ENABLE_OBJC_WEAK = YES;
				CLANG_WARN_BLOCK_CAPTURE_AUTORELEASING = YES;
				CLANG_WARN_BOOL_CONVERSION = YES;
				CLANG_WARN_COMMA = YES;
				CLANG_WARN_CONSTANT_CONVERSION = YES;
				CLANG_WARN_DEPRECATED_OBJC_IMPLEMENTATIONS = YES;
				CLANG_WARN_DIRECT_OBJC_ISA_USAGE = YES_ERROR;
				CLANG_WARN_DOCUMENTATION_COMMENTS = YES;
				CLANG_WARN_EMPTY_BODY = YES;
				CLANG_WARN_ENUM_CONVERSION = YES;
				CLANG_WARN_INFINITE_RECURSION = YES;
				CLANG_WARN_INT_CONVERSION = YES;
				CLANG_WARN_NON_LITERAL_NULL_CONVERSION = YES;
				CLANG_WARN_OBJC_IMPLICIT_RETAIN_SELF = YES;
				CLANG_WARN_OBJC_LITERAL_CONVERSION = YES;
				CLANG_WARN_OBJC_ROOT_CLASS = YES_ERROR;
				CLANG_WARN_RANGE_LOOP_ANALYSIS = YES;
				CLANG_WARN_STRICT_PROTOTYPES = YES;
				CLANG_WARN_SUSPICIOUS_MOVE = YES;
				CLANG_WARN_UNGUARDED_AVAILABILITY = YES_AGGRESSIVE;
				CLANG_WARN_UNREACHABLE_CODE = YES;
				CLANG_WARN__DUPLICATE_METHOD_MATCH = YES;
				COPY_PHASE_STRIP = NO;
				DEBUG_INFORMATION_FORMAT = dwarf;
				ENABLE_STRICT_OBJC_MSGSEND = YES;
				ENABLE_TESTABILITY = YES;
				GCC_C_LANGUAGE_STANDARD = gnu11;
				GCC_DYNAMIC_NO_PIC = NO;
				GCC_NO_COMMON_BLOCKS = YES;
				GCC_OPTIMIZATION_LEVEL = 0;
				GCC_PREPROCESSOR_DEFINITIONS = (
					"DEBUG=1",
					"$(inherited)",
				);
				GCC_WARN_64_TO_32_BIT_CONVERSION = YES;
				GCC_WARN_ABOUT_RETURN_TYPE = YES_ERROR;
				GCC_WARN_UNDECLARED_SELECTOR = YES;
				GCC_WARN_UNINITIALIZED_AUTOS = YES_AGGRESSIVE;
				GCC_WARN_UNUSED_FUNCTION = YES;
				GCC_WARN_UNUSED_VARIABLE = YES;
				MTL_ENABLE_DEBUG_INFO = INCLUDE_SOURCE;
				MTL_FAST_MATH = YES;
				ONLY_ACTIVE_ARCH = YES;
				PRODUCT_NAME = "$(TARGET_NAME)";
				SWIFT_ACTIVE_COMPILATION_CONDITIONS = DEBUG;
				SWIFT_OPTIMIZATION_LEVEL = "-Onone";
				SWIFT_VERSION = 5.0;
			};
			name = Debug;
		};
		CA1F1FAAFF970CBAB5A34547 /* Release */ = {
			isa = XCBuildConfiguration;
			buildSettings = {
				ASSETCATALOG_COMPILER_APPICON_NAME = AppIcon;
				SDKROOT = watchos;
				SKIP_INSTALL = YES;
				SWIFT_VERSION = 4.0;
				TARGETED_DEVICE_FAMILY = 4;
				VALIDATE_PRODUCT = YES;
				WATCHOS_DEPLOYMENT_TARGET = 4.0;
			};
			name = Release;
		};
/* End XCBuildConfiguration section */

/* Begin XCConfigurationList section */
		08A9613A00C37B4C4D3CCF96 /* Build configuration list for PBXProject "Foo" */ = {
			isa = XCConfigurationList;
			buildConfigurations = (
				B4C0A629FCFF428CAF41C7B2 /* Debug */,
				6BD269F33C093C8930913CEE /* Release */,
			);
			defaultConfigurationIsVisible = 0;
			defaultConfigurationName = Release;
		};
		896A9445F6B5CEAB75D62F4A /* Build configuration list for PBXNativeTarget "App-macOS" */ = {
			isa = XCConfigurationList;
			buildConfigurations = (
				988B2826DD77F38E9686916B /* Release */,
				2660C520E6016DBEE1E6CF0C /* Debug */,
			);
			defaultConfigurationIsVisible = 0;
			defaultConfigurationName = Release;
		};
		922E268C91C5BB451928E667 /* Build configuration list for PBXNativeTarget "App-watchOS" */ = {
			isa = XCConfigurationList;
			buildConfigurations = (
				CA1F1FAAFF970CBAB5A34547 /* Release */,
				9324CDA80891C729AF172634 /* Debug */,
			);
			defaultConfigurationIsVisible = 0;
			defaultConfigurationName = Release;
		};
		AC8DB4216EFD4E029C1B6598 /* Build configuration list for PBXNativeTarget "App-tvOS" */ = {
			isa = XCConfigurationList;
			buildConfigurations = (
				839E5747EEFB4C1F5090624D /* Release */,
				15DD46642A9FEE97CB3C7D47 /* Debug */,
			);
			defaultConfigurationIsVisible = 0;
			defaultConfigurationName = Release;
		};
		FA092321B6B50E63AF008574 /* Build configuration list for PBXNativeTarget "App-iOS" */ = {
			isa = XCConfigurationList;
			buildConfigurations = (
				2C2B0C4E425F335C2FE6ADCC /* Release */,
				86CC8CD9E2EDA3C735916AFC /* Debug */,
			);
			defaultConfigurationIsVisible = 0;
			defaultConfigurationName = Release;
		};
/* End XCConfigurationList section */
	};
	rootObject = 8D7B459C51092B8DA09D24F5 /* Project object */;
}
